<?xml version="1.0" encoding="utf-8"?>
<Project ToolsVersion="4.0" xmlns="http://schemas.microsoft.com/developer/msbuild/2003">
  <ItemGroup>
    <Filter Include="Source Files">
      <UniqueIdentifier>{4FC737F1-C7A5-4376-A066-2A32D752A2FF}</UniqueIdentifier>
      <Extensions>cpp;c;cc;cxx;def;odl;idl;hpj;bat;asm;asmx</Extensions>
    </Filter>
    <Filter Include="Header Files">
      <UniqueIdentifier>{93995380-89BD-4b04-88EB-625FBE52EBFB}</UniqueIdentifier>
      <Extensions>h;hh;hpp;hxx;hm;inl;inc;xsd</Extensions>
    </Filter>
    <Filter Include="Resource Files">
      <UniqueIdentifier>{67DA6AB6-F800-4c08-8B7A-83BB121AAD01}</UniqueIdentifier>
      <Extensions>rc;ico;cur;bmp;dlg;rc2;rct;bin;rgs;gif;jpg;jpeg;jpe;resx;tiff;tif;png;wav;mfcribbon-ms</Extensions>
    </Filter>
  </ItemGroup>
  <ItemGroup>
    <Text Include="ReadMe.txt" />
  </ItemGroup>
  <ItemGroup>
    <ClInclude Include="stdafx.h">
      <Filter>Header Files</Filter>
    </ClInclude>
    <ClInclude Include="targetver.h">
      <Filter>Header Files</Filter>
    </ClInclude>
    <ClInclude Include="include\vmodule\vmodule.h">
      <Filter>Header Files</Filter>
    </ClInclude>
    <ClInclude Include="include\sutils\Atomic.h">
      <Filter>Header Files</Filter>
    </ClInclude>
    <ClInclude Include="include\sutils\AutoBuffer.h">
      <Filter>Header Files</Filter>
    </ClInclude>
    <ClInclude Include="include\sutils\Compat.h">
      <Filter>Header Files</Filter>
    </ClInclude>
    <ClInclude Include="include\sutils\Condition.h">
      <Filter>Header Files</Filter>
    </ClInclude>
    <ClInclude Include="include\sutils\Errors.h">
      <Filter>Header Files</Filter>
    </ClInclude>
    <ClInclude Include="include\sutils\Exception.h">
      <Filter>Header Files</Filter>
    </ClInclude>
    <ClInclude Include="include\sutils\FileUtils.h">
      <Filter>Header Files</Filter>
    </ClInclude>
    <ClInclude Include="include\sutils\ILogger.h">
      <Filter>Header Files</Filter>
    </ClInclude>
    <ClInclude Include="include\sutils\Logger.h">
      <Filter>Header Files</Filter>
    </ClInclude>
    <ClInclude Include="include\sutils\LoggerThread.h">
      <Filter>Header Files</Filter>
    </ClInclude>
    <ClInclude Include="include\sutils\Mutex.h">
      <Filter>Header Files</Filter>
    </ClInclude>
    <ClInclude Include="include\sutils\PlatformDefs.h">
      <Filter>Header Files</Filter>
    </ClInclude>
    <ClInclude Include="include\sutils\RefBase.h">
      <Filter>Header Files</Filter>
    </ClInclude>
    <ClInclude Include="include\sutils\SingletonHelper.h">
      <Filter>Header Files</Filter>
    </ClInclude>
    <ClInclude Include="include\sutils\StringUtils.h">
      <Filter>Header Files</Filter>
    </ClInclude>
    <ClInclude Include="include\sutils\StrongPointer.h">
      <Filter>Header Files</Filter>
    </ClInclude>
    <ClInclude Include="include\sutils\Thread.h">
      <Filter>Header Files</Filter>
    </ClInclude>
    <ClInclude Include="include\sutils\ThreadDefs.h">
      <Filter>Header Files</Filter>
    </ClInclude>
    <ClInclude Include="include\sutils\ThreadImpl.h">
      <Filter>Header Files</Filter>
    </ClInclude>
    <ClInclude Include="include\sutils\ThreadLocal.h">
      <Filter>Header Files</Filter>
    </ClInclude>
    <ClInclude Include="include\sutils\Timers.h">
      <Filter>Header Files</Filter>
    </ClInclude>
    <ClInclude Include="include\sutils\TypeHelpers.h">
      <Filter>Header Files</Filter>
    </ClInclude>
    <ClInclude Include="include\sutils\types.h">
      <Filter>Header Files</Filter>
    </ClInclude>
    <ClInclude Include="include\sutils\VmBlockingQueue.h">
      <Filter>Header Files</Filter>
    </ClInclude>
    <ClInclude Include="include\sutils\VmHeap.h">
      <Filter>Header Files</Filter>
    </ClInclude>
    <ClInclude Include="include\sutils\VmQueue.h">
      <Filter>Header Files</Filter>
    </ClInclude>
  </ItemGroup>
  <ItemGroup>
    <ClCompile Include="stdafx.cpp">
      <Filter>Source Files</Filter>
    </ClCompile>
    <ClCompile Include="vmodule.cpp">
      <Filter>Source Files</Filter>
    </ClCompile>
    <ClCompile Include="dllmain.cpp">
      <Filter>Source Files</Filter>
    </ClCompile>
    <ClCompile Include="tests\StrongPointerTest.cpp">
      <Filter>Source Files</Filter>
    </ClCompile>
    <ClCompile Include="tests\ThreadTest.cpp">
      <Filter>Source Files</Filter>
    </ClCompile>
    <ClCompile Include="sutils\AutoBuffer.cpp">
      <Filter>Source Files</Filter>
    </ClCompile>
    <ClCompile Include="sutils\Condition.cpp">
      <Filter>Source Files</Filter>
    </ClCompile>
    <ClCompile Include="sutils\Exception.cpp">
      <Filter>Source Files</Filter>
    </ClCompile>
    <ClCompile Include="sutils\FileUtils.cpp">
      <Filter>Source Files</Filter>
    </ClCompile>
    <ClCompile Include="sutils\ILogger.cpp">
      <Filter>Source Files</Filter>
    </ClCompile>
    <ClCompile Include="sutils\Logger.cpp">
      <Filter>Source Files</Filter>
    </ClCompile>
    <ClCompile Include="sutils\LoggerThread.cpp">
      <Filter>Source Files</Filter>
    </ClCompile>
    <ClCompile Include="sutils\Mutex.cpp">
      <Filter>Source Files</Filter>
    </ClCompile>
    <ClCompile Include="sutils\RefBase.cpp">
      <Filter>Source Files</Filter>
    </ClCompile>
    <ClCompile Include="sutils\StringUtils.cpp">
      <Filter>Source Files</Filter>
    </ClCompile>
    <ClCompile Include="sutils\Thread.cpp">
      <Filter>Source Files</Filter>
    </ClCompile>
    <ClCompile Include="sutils\ThreadImpl.cpp">
      <Filter>Source Files</Filter>
    </ClCompile>
    <ClCompile Include="sutils\Timers.cpp">
      <Filter>Source Files</Filter>
    </ClCompile>
    <ClCompile Include="sutils\VmBlockingQueue.cpp">
      <Filter>Source Files</Filter>
    </ClCompile>
    <ClCompile Include="sutils\VmHeap.cpp">
      <Filter>Source Files</Filter>
    </ClCompile>
    <ClCompile Include="sutils\VmQueue.cpp">
      <Filter>Source Files</Filter>
    </ClCompile>
    <ClCompile Include="hardware\serial\SerialPort.cpp">
      <Filter>Source Files</Filter>
    </ClCompile>
  </ItemGroup>
</Project>